
Microsoft Visual Studio Solution File, Format Version 12.00
# Visual Studio 14
VisualStudioVersion = 14.0.25123.0
MinimumVisualStudioVersion = 10.0.40219.1
Project("{2150E333-8FDC-42A3-9474-1A3956D46DE8}") = "5.1 - Worker Roles", "5.1 - Worker Roles", "{175B7352-B4C9-46C2-B4ED-24567C32FCDB}"
EndProject
Project("{2150E333-8FDC-42A3-9474-1A3956D46DE8}") = "Solution Items", "Solution Items", "{3C939AE1-DB37-4311-8111-D68F3F7B8731}"
	ProjectSection(SolutionItems) = preProject
		.gitignore = .gitignore
		README.md = README.md
	EndProjectSection
EndProject
Project("{2150E333-8FDC-42A3-9474-1A3956D46DE8}") = "5.0 - Deployments", "5.0 - Deployments", "{3BC2819C-1FC9-48B1-B392-0131921B560E}"
EndProject
Project("{2150E333-8FDC-42A3-9474-1A3956D46DE8}") = "1.0 - Core", "1.0 - Core", "{0C902011-D53C-4E6F-905B-C49DA51A0E5A}"
EndProject
Project("{2150E333-8FDC-42A3-9474-1A3956D46DE8}") = "3.0 - Business", "3.0 - Business", "{61A047C6-D1B9-4079-9A60-184B86810194}"
EndProject
Project("{2150E333-8FDC-42A3-9474-1A3956D46DE8}") = "2.0 - Data", "2.0 - Data", "{AA2AC841-3032-47BC-B9C2-8CD1635C8473}"
EndProject
Project("{2150E333-8FDC-42A3-9474-1A3956D46DE8}") = "4.0 - Tests", "4.0 - Tests", "{D4D772B4-ADFD-4498-B4C1-2A26B232C5FE}"
EndProject
Project("{FAE04EC0-301F-11D3-BF4B-00C04F79EFBC}") = "DataAccess", "DataAccess\DataAccess.csproj", "{9DB16316-E4CC-4717-AEBE-1B33D8095EBA}"
EndProject
Project("{FAE04EC0-301F-11D3-BF4B-00C04F79EFBC}") = "Core", "Core\Core.csproj", "{7DFA80D8-C919-4EB0-A632-2F3F25D2E877}"
EndProject
Project("{FAE04EC0-301F-11D3-BF4B-00C04F79EFBC}") = "RedundancyTests", "RedundancyTests\RedundancyTests.csproj", "{FAF250E1-9557-4EF4-A9C2-A32EC2399E2F}"
EndProject
Project("{FAE04EC0-301F-11D3-BF4B-00C04F79EFBC}") = "Business", "Business\Business.csproj", "{201B4B47-8DB7-4A20-9CD0-6672F4BFB350}"
EndProject
Project("{CC5FD16D-436D-48AD-A40C-5A424C6E3E79}") = "WestPackage", "WestPackage\WestPackage.ccproj", "{F2730CCF-3C0B-4F0B-BC0D-F685A7EF5A12}"
EndProject
Project("{FAE04EC0-301F-11D3-BF4B-00C04F79EFBC}") = "WestWorkerRole", "WestWorkerRole\WestWorkerRole.csproj", "{F0F9975C-C687-4707-935B-A48D1F82A664}"
EndProject
Project("{CC5FD16D-436D-48AD-A40C-5A424C6E3E79}") = "EastPackage", "EastPackage\EastPackage.ccproj", "{E9BE35B3-58A5-4821-BB70-4616F6296462}"
EndProject
Project("{FAE04EC0-301F-11D3-BF4B-00C04F79EFBC}") = "EastWorkerRole", "EastWorkerRole\EastWorkerRole.csproj", "{837AF47F-C9E6-4569-96B7-422AA2241051}"
EndProject
Project("{CC5FD16D-436D-48AD-A40C-5A424C6E3E79}") = "WebServicesPackage", "WebServicesPackage\WebServicesPackage.ccproj", "{BA3083E9-9FB5-4D4E-B313-D761C0C35DF9}"
EndProject
Project("{FAE04EC0-301F-11D3-BF4B-00C04F79EFBC}") = "WebServicesRole", "WebServicesRole\WebServicesRole.csproj", "{6DD86D3E-9C08-4E02-8888-A369631FA260}"
EndProject
Project("{FAE04EC0-301F-11D3-BF4B-00C04F79EFBC}") = "Services.BootStrapper", "Services.BootStrapper\Services.BootStrapper.csproj", "{911D5A80-34B5-4C09-966B-D1926702CB14}"
EndProject
Project("{FAE04EC0-301F-11D3-BF4B-00C04F79EFBC}") = "Model", "Model\Model.csproj", "{DD970BC3-97A7-455C-99B3-9BA2C735325E}"
EndProject
Global
	GlobalSection(SolutionConfigurationPlatforms) = preSolution
		Debug|Any CPU = Debug|Any CPU
		Release|Any CPU = Release|Any CPU
	EndGlobalSection
	GlobalSection(ProjectConfigurationPlatforms) = postSolution
		{9DB16316-E4CC-4717-AEBE-1B33D8095EBA}.Debug|Any CPU.ActiveCfg = Debug|Any CPU
		{9DB16316-E4CC-4717-AEBE-1B33D8095EBA}.Debug|Any CPU.Build.0 = Debug|Any CPU
		{9DB16316-E4CC-4717-AEBE-1B33D8095EBA}.Release|Any CPU.ActiveCfg = Release|Any CPU
		{9DB16316-E4CC-4717-AEBE-1B33D8095EBA}.Release|Any CPU.Build.0 = Release|Any CPU
		{7DFA80D8-C919-4EB0-A632-2F3F25D2E877}.Debug|Any CPU.ActiveCfg = Debug|Any CPU
		{7DFA80D8-C919-4EB0-A632-2F3F25D2E877}.Debug|Any CPU.Build.0 = Debug|Any CPU
		{7DFA80D8-C919-4EB0-A632-2F3F25D2E877}.Release|Any CPU.ActiveCfg = Release|Any CPU
		{7DFA80D8-C919-4EB0-A632-2F3F25D2E877}.Release|Any CPU.Build.0 = Release|Any CPU
		{FAF250E1-9557-4EF4-A9C2-A32EC2399E2F}.Debug|Any CPU.ActiveCfg = Debug|Any CPU
		{FAF250E1-9557-4EF4-A9C2-A32EC2399E2F}.Debug|Any CPU.Build.0 = Debug|Any CPU
		{FAF250E1-9557-4EF4-A9C2-A32EC2399E2F}.Release|Any CPU.ActiveCfg = Release|Any CPU
		{FAF250E1-9557-4EF4-A9C2-A32EC2399E2F}.Release|Any CPU.Build.0 = Release|Any CPU
		{201B4B47-8DB7-4A20-9CD0-6672F4BFB350}.Debug|Any CPU.ActiveCfg = Debug|Any CPU
		{201B4B47-8DB7-4A20-9CD0-6672F4BFB350}.Debug|Any CPU.Build.0 = Debug|Any CPU
		{201B4B47-8DB7-4A20-9CD0-6672F4BFB350}.Release|Any CPU.ActiveCfg = Release|Any CPU
		{201B4B47-8DB7-4A20-9CD0-6672F4BFB350}.Release|Any CPU.Build.0 = Release|Any CPU
		{F2730CCF-3C0B-4F0B-BC0D-F685A7EF5A12}.Debug|Any CPU.ActiveCfg = Debug|Any CPU
		{F2730CCF-3C0B-4F0B-BC0D-F685A7EF5A12}.Debug|Any CPU.Build.0 = Debug|Any CPU
		{F2730CCF-3C0B-4F0B-BC0D-F685A7EF5A12}.Release|Any CPU.ActiveCfg = Release|Any CPU
		{F2730CCF-3C0B-4F0B-BC0D-F685A7EF5A12}.Release|Any CPU.Build.0 = Release|Any CPU
		{F0F9975C-C687-4707-935B-A48D1F82A664}.Debug|Any CPU.ActiveCfg = Debug|Any CPU
		{F0F9975C-C687-4707-935B-A48D1F82A664}.Debug|Any CPU.Build.0 = Debug|Any CPU
		{F0F9975C-C687-4707-935B-A48D1F82A664}.Release|Any CPU.ActiveCfg = Release|Any CPU
		{F0F9975C-C687-4707-935B-A48D1F82A664}.Release|Any CPU.Build.0 = Release|Any CPU
		{E9BE35B3-58A5-4821-BB70-4616F6296462}.Debug|Any CPU.ActiveCfg = Debug|Any CPU
		{E9BE35B3-58A5-4821-BB70-4616F6296462}.Debug|Any CPU.Build.0 = Debug|Any CPU
		{E9BE35B3-58A5-4821-BB70-4616F6296462}.Release|Any CPU.ActiveCfg = Release|Any CPU
		{E9BE35B3-58A5-4821-BB70-4616F6296462}.Release|Any CPU.Build.0 = Release|Any CPU
		{837AF47F-C9E6-4569-96B7-422AA2241051}.Debug|Any CPU.ActiveCfg = Debug|Any CPU
		{837AF47F-C9E6-4569-96B7-422AA2241051}.Debug|Any CPU.Build.0 = Debug|Any CPU
		{837AF47F-C9E6-4569-96B7-422AA2241051}.Release|Any CPU.ActiveCfg = Release|Any CPU
		{837AF47F-C9E6-4569-96B7-422AA2241051}.Release|Any CPU.Build.0 = Release|Any CPU
		{BA3083E9-9FB5-4D4E-B313-D761C0C35DF9}.Debug|Any CPU.ActiveCfg = Debug|Any CPU
		{BA3083E9-9FB5-4D4E-B313-D761C0C35DF9}.Debug|Any CPU.Build.0 = Debug|Any CPU
		{BA3083E9-9FB5-4D4E-B313-D761C0C35DF9}.Release|Any CPU.ActiveCfg = Release|Any CPU
		{BA3083E9-9FB5-4D4E-B313-D761C0C35DF9}.Release|Any CPU.Build.0 = Release|Any CPU
		{6DD86D3E-9C08-4E02-8888-A369631FA260}.Debug|Any CPU.ActiveCfg = Debug|Any CPU
		{6DD86D3E-9C08-4E02-8888-A369631FA260}.Debug|Any CPU.Build.0 = Debug|Any CPU
		{6DD86D3E-9C08-4E02-8888-A369631FA260}.Release|Any CPU.ActiveCfg = Release|Any CPU
		{6DD86D3E-9C08-4E02-8888-A369631FA260}.Release|Any CPU.Build.0 = Release|Any CPU
		{911D5A80-34B5-4C09-966B-D1926702CB14}.Debug|Any CPU.ActiveCfg = Debug|Any CPU
		{911D5A80-34B5-4C09-966B-D1926702CB14}.Debug|Any CPU.Build.0 = Debug|Any CPU
		{911D5A80-34B5-4C09-966B-D1926702CB14}.Release|Any CPU.ActiveCfg = Release|Any CPU
		{911D5A80-34B5-4C09-966B-D1926702CB14}.Release|Any CPU.Build.0 = Release|Any CPU
		{DD970BC3-97A7-455C-99B3-9BA2C735325E}.Debug|Any CPU.ActiveCfg = Debug|Any CPU
		{DD970BC3-97A7-455C-99B3-9BA2C735325E}.Debug|Any CPU.Build.0 = Debug|Any CPU
		{DD970BC3-97A7-455C-99B3-9BA2C735325E}.Release|Any CPU.ActiveCfg = Release|Any CPU
		{DD970BC3-97A7-455C-99B3-9BA2C735325E}.Release|Any CPU.Build.0 = Release|Any CPU
	EndGlobalSection
	GlobalSection(SolutionProperties) = preSolution
		HideSolutionNode = FALSE
	EndGlobalSection
	GlobalSection(NestedProjects) = preSolution
		{175B7352-B4C9-46C2-B4ED-24567C32FCDB} = {3BC2819C-1FC9-48B1-B392-0131921B560E}
		{9DB16316-E4CC-4717-AEBE-1B33D8095EBA} = {AA2AC841-3032-47BC-B9C2-8CD1635C8473}
		{7DFA80D8-C919-4EB0-A632-2F3F25D2E877} = {0C902011-D53C-4E6F-905B-C49DA51A0E5A}
		{FAF250E1-9557-4EF4-A9C2-A32EC2399E2F} = {D4D772B4-ADFD-4498-B4C1-2A26B232C5FE}
		{201B4B47-8DB7-4A20-9CD0-6672F4BFB350} = {61A047C6-D1B9-4079-9A60-184B86810194}
		{F2730CCF-3C0B-4F0B-BC0D-F685A7EF5A12} = {3BC2819C-1FC9-48B1-B392-0131921B560E}
		{F0F9975C-C687-4707-935B-A48D1F82A664} = {175B7352-B4C9-46C2-B4ED-24567C32FCDB}
		{E9BE35B3-58A5-4821-BB70-4616F6296462} = {3BC2819C-1FC9-48B1-B392-0131921B560E}
		{837AF47F-C9E6-4569-96B7-422AA2241051} = {175B7352-B4C9-46C2-B4ED-24567C32FCDB}
		{BA3083E9-9FB5-4D4E-B313-D761C0C35DF9} = {3BC2819C-1FC9-48B1-B392-0131921B560E}
		{6DD86D3E-9C08-4E02-8888-A369631FA260} = {175B7352-B4C9-46C2-B4ED-24567C32FCDB}
		{911D5A80-34B5-4C09-966B-D1926702CB14} = {61A047C6-D1B9-4079-9A60-184B86810194}
		{DD970BC3-97A7-455C-99B3-9BA2C735325E} = {0C902011-D53C-4E6F-905B-C49DA51A0E5A}
	EndGlobalSection
EndGlobal
